
Microsoft Visual Studio Solution File, Format Version 12.00
# Visual Studio Version 17
VisualStudioVersion = 17.5.2.0
MinimumVisualStudioVersion = 10.0.40219.1
Project("{FAE04EC0-301F-11D3-BF4B-00C04F79EFBC}") = "Classes", "Classes\Classes.csproj", "{1E1A629B-9BD8-52D9-006E-8FD3FE69244B}"
EndProject
Project("{FAE04EC0-301F-11D3-BF4B-00C04F79EFBC}") = "ClassesLibrary", "ClassesLibrary\ClassesLibrary.csproj", "{DAA2CA1F-FAD4-4274-AC0B-70DB8F0DFD39}"
EndProject
Project("{FAE04EC0-301F-11D3-BF4B-00C04F79EFBC}") = "BankingTests", "BankingTests\BankingTests.csproj", "{360D902A-1351-4051-B6B4-A75514664301}"
EndProject
Project("{FAE04EC0-301F-11D3-BF4B-00C04F79EFBC}") = "ContosoCrafts.WebSite", "Contoso_Crafts\ContosoCrafts.WebSite.csproj", "{F3B0A6D3-7F74-4A86-A467-B44175B7EE6B}"
EndProject
Global
	GlobalSection(SolutionConfigurationPlatforms) = preSolution
		Debug|Any CPU = Debug|Any CPU
		Debug|x64 = Debug|x64
		Debug|x86 = Debug|x86
		Release|Any CPU = Release|Any CPU
		Release|x64 = Release|x64
		Release|x86 = Release|x86
	EndGlobalSection
	GlobalSection(ProjectConfigurationPlatforms) = postSolution
		{1E1A629B-9BD8-52D9-006E-8FD3FE69244B}.Debug|Any CPU.ActiveCfg = Debug|Any CPU
		{1E1A629B-9BD8-52D9-006E-8FD3FE69244B}.Debug|Any CPU.Build.0 = Debug|Any CPU
		{1E1A629B-9BD8-52D9-006E-8FD3FE69244B}.Debug|x64.ActiveCfg = Debug|Any CPU
		{1E1A629B-9BD8-52D9-006E-8FD3FE69244B}.Debug|x64.Build.0 = Debug|Any CPU
		{1E1A629B-9BD8-52D9-006E-8FD3FE69244B}.Debug|x86.ActiveCfg = Debug|Any CPU
		{1E1A629B-9BD8-52D9-006E-8FD3FE69244B}.Debug|x86.Build.0 = Debug|Any CPU
		{1E1A629B-9BD8-52D9-006E-8FD3FE69244B}.Release|Any CPU.ActiveCfg = Release|Any CPU
		{1E1A629B-9BD8-52D9-006E-8FD3FE69244B}.Release|Any CPU.Build.0 = Release|Any CPU
		{1E1A629B-9BD8-52D9-006E-8FD3FE69244B}.Release|x64.ActiveCfg = Release|Any CPU
		{1E1A629B-9BD8-52D9-006E-8FD3FE69244B}.Release|x64.Build.0 = Release|Any CPU
		{1E1A629B-9BD8-52D9-006E-8FD3FE69244B}.Release|x86.ActiveCfg = Release|Any CPU
		{1E1A629B-9BD8-52D9-006E-8FD3FE69244B}.Release|x86.Build.0 = Release|Any CPU
		{DAA2CA1F-FAD4-4274-AC0B-70DB8F0DFD39}.Debug|Any CPU.ActiveCfg = Debug|Any CPU
		{DAA2CA1F-FAD4-4274-AC0B-70DB8F0DFD39}.Debug|Any CPU.Build.0 = Debug|Any CPU
		{DAA2CA1F-FAD4-4274-AC0B-70DB8F0DFD39}.Debug|x64.ActiveCfg = Debug|Any CPU
		{DAA2CA1F-FAD4-4274-AC0B-70DB8F0DFD39}.Debug|x64.Build.0 = Debug|Any CPU
		{DAA2CA1F-FAD4-4274-AC0B-70DB8F0DFD39}.Debug|x86.ActiveCfg = Debug|Any CPU
		{DAA2CA1F-FAD4-4274-AC0B-70DB8F0DFD39}.Debug|x86.Build.0 = Debug|Any CPU
		{DAA2CA1F-FAD4-4274-AC0B-70DB8F0DFD39}.Release|Any CPU.ActiveCfg = Release|Any CPU
		{DAA2CA1F-FAD4-4274-AC0B-70DB8F0DFD39}.Release|Any CPU.Build.0 = Release|Any CPU
		{DAA2CA1F-FAD4-4274-AC0B-70DB8F0DFD39}.Release|x64.ActiveCfg = Release|Any CPU
		{DAA2CA1F-FAD4-4274-AC0B-70DB8F0DFD39}.Release|x64.Build.0 = Release|Any CPU
		{DAA2CA1F-FAD4-4274-AC0B-70DB8F0DFD39}.Release|x86.ActiveCfg = Release|Any CPU
		{DAA2CA1F-FAD4-4274-AC0B-70DB8F0DFD39}.Release|x86.Build.0 = Release|Any CPU
		{360D902A-1351-4051-B6B4-A75514664301}.Debug|Any CPU.ActiveCfg = Debug|Any CPU
		{360D902A-1351-4051-B6B4-A75514664301}.Debug|Any CPU.Build.0 = Debug|Any CPU
		{360D902A-1351-4051-B6B4-A75514664301}.Debug|x64.ActiveCfg = Debug|Any CPU
		{360D902A-1351-4051-B6B4-A75514664301}.Debug|x64.Build.0 = Debug|Any CPU
		{360D902A-1351-4051-B6B4-A75514664301}.Debug|x86.ActiveCfg = Debug|Any CPU
		{360D902A-1351-4051-B6B4-A75514664301}.Debug|x86.Build.0 = Debug|Any CPU
		{360D902A-1351-4051-B6B4-A75514664301}.Release|Any CPU.ActiveCfg = Release|Any CPU
		{360D902A-1351-4051-B6B4-A75514664301}.Release|Any CPU.Build.0 = Release|Any CPU
		{360D902A-1351-4051-B6B4-A75514664301}.Release|x64.ActiveCfg = Release|Any CPU
		{360D902A-1351-4051-B6B4-A75514664301}.Release|x64.Build.0 = Release|Any CPU
		{360D902A-1351-4051-B6B4-A75514664301}.Release|x86.ActiveCfg = Release|Any CPU
		{360D902A-1351-4051-B6B4-A75514664301}.Release|x86.Build.0 = Release|Any CPU
		{F3B0A6D3-7F74-4A86-A467-B44175B7EE6B}.Debug|Any CPU.ActiveCfg = Debug|Any CPU
		{F3B0A6D3-7F74-4A86-A467-B44175B7EE6B}.Debug|Any CPU.Build.0 = Debug|Any CPU
		{F3B0A6D3-7F74-4A86-A467-B44175B7EE6B}.Debug|x64.ActiveCfg = Debug|Any CPU
		{F3B0A6D3-7F74-4A86-A467-B44175B7EE6B}.Debug|x64.Build.0 = Debug|Any CPU
		{F3B0A6D3-7F74-4A86-A467-B44175B7EE6B}.Debug|x86.ActiveCfg = Debug|Any CPU
		{F3B0A6D3-7F74-4A86-A467-B44175B7EE6B}.Debug|x86.Build.0 = Debug|Any CPU
		{F3B0A6D3-7F74-4A86-A467-B44175B7EE6B}.Release|Any CPU.ActiveCfg = Release|Any CPU
		{F3B0A6D3-7F74-4A86-A467-B44175B7EE6B}.Release|Any CPU.Build.0 = Release|Any CPU
		{F3B0A6D3-7F74-4A86-A467-B44175B7EE6B}.Release|x64.ActiveCfg = Release|Any CPU
		{F3B0A6D3-7F74-4A86-A467-B44175B7EE6B}.Release|x64.Build.0 = Release|Any CPU
		{F3B0A6D3-7F74-4A86-A467-B44175B7EE6B}.Release|x86.ActiveCfg = Release|Any CPU
		{F3B0A6D3-7F74-4A86-A467-B44175B7EE6B}.Release|x86.Build.0 = Release|Any CPU
	EndGlobalSection
	GlobalSection(SolutionProperties) = preSolution
		HideSolutionNode = FALSE
	EndGlobalSection
	GlobalSection(ExtensibilityGlobals) = postSolution
		SolutionGuid = {6D50E749-DD84-4CB8-8DA5-A9E07012D93A}
	EndGlobalSection
EndGlobal
